<?xml version="1.0" encoding="utf-8"?>
<Project ToolsVersion="4.0" xmlns="http://schemas.microsoft.com/developer/msbuild/2003">
  <ItemGroup>
    <Filter Include="Source Files">
      <UniqueIdentifier>{4FC737F1-C7A5-4376-A066-2A32D752A2FF}</UniqueIdentifier>
      <Extensions>cpp;c;cc;cxx;def;odl;idl;hpj;bat;asm;asmx</Extensions>
    </Filter>
    <Filter Include="Header Files">
      <UniqueIdentifier>{93995380-89BD-4b04-88EB-625FBE52EBFB}</UniqueIdentifier>
      <Extensions>h;hh;hpp;hxx;hm;inl;inc;xsd</Extensions>
    </Filter>
    <Filter Include="Resource Files">
      <UniqueIdentifier>{67DA6AB6-F800-4c08-8B7A-83BB121AAD01}</UniqueIdentifier>
      <Extensions>rc;ico;cur;bmp;dlg;rc2;rct;bin;rgs;gif;jpg;jpeg;jpe;resx;tiff;tif;png;wav;mfcribbon-ms</Extensions>
    </Filter>
    <Filter Include="Source Files\Camera">
      <UniqueIdentifier>{1fa14a97-c6ad-4976-a0fa-113e1c66e781}</UniqueIdentifier>
    </Filter>
    <Filter Include="Source Files\Material">
      <UniqueIdentifier>{a4c69d68-15f2-4228-843a-8c679bd79a35}</UniqueIdentifier>
    </Filter>
    <Filter Include="Source Files\Shaders">
      <UniqueIdentifier>{9fba3da9-fc03-41e9-86df-f0b2fc37f0a8}</UniqueIdentifier>
    </Filter>
    <Filter Include="Source Files\OpenGL">
      <UniqueIdentifier>{184662d9-5b14-4101-9525-6d319a58fddf}</UniqueIdentifier>
    </Filter>
    <Filter Include="Source Files\OpenGL\IndexBuffer">
      <UniqueIdentifier>{39b044fb-d446-46df-8308-9c342af1f826}</UniqueIdentifier>
    </Filter>
    <Filter Include="Source Files\OpenGL\VertexArray">
      <UniqueIdentifier>{7c3e6e99-2c60-4532-bafa-20a35c945e5f}</UniqueIdentifier>
    </Filter>
    <Filter Include="Source Files\OpenGL\VertexBuffer">
      <UniqueIdentifier>{82c5298e-cc03-4024-b6ba-b5f8a7fed425}</UniqueIdentifier>
    </Filter>
    <Filter Include="Source Files\Mesh">
      <UniqueIdentifier>{3f30727f-8bb0-4a3c-a5db-187bd7adca71}</UniqueIdentifier>
    </Filter>
    <Filter Include="Source Files\OpenGL\Renderer">
      <UniqueIdentifier>{aa6164b4-8ee2-4ff6-a1a3-711b243bf19a}</UniqueIdentifier>
    </Filter>
    <Filter Include="Source Files\Util">
      <UniqueIdentifier>{dba5f828-c91c-4340-b2ab-03259547639f}</UniqueIdentifier>
    </Filter>
    <Filter Include="Source Files\Model">
      <UniqueIdentifier>{4c69e421-f9d2-479e-8073-14eb86fcfd2f}</UniqueIdentifier>
    </Filter>
    <Filter Include="Source Files\Texture">
      <UniqueIdentifier>{c1d56bf5-2edc-4d00-82a4-c4b051b5f9a1}</UniqueIdentifier>
    </Filter>
    <Filter Include="Source Files\Mesh\Primitives">
      <UniqueIdentifier>{cb0c1843-dc87-4d44-adc2-02b54002ddb0}</UniqueIdentifier>
    </Filter>
    <Filter Include="Source Files\Background">
      <UniqueIdentifier>{05a2aa4d-d5a4-4cf2-870c-0de9752f9a77}</UniqueIdentifier>
    </Filter>
    <Filter Include="Source Files\OpenGL\Buffer">
      <UniqueIdentifier>{ea41baf3-bb0c-4a45-8bc1-cdb654755d8b}</UniqueIdentifier>
    </Filter>
  </ItemGroup>
  <ItemGroup>
    <ClCompile Include="main.cpp">
      <Filter>Source Files</Filter>
    </ClCompile>
    <ClCompile Include="VertexArray.cpp">
      <Filter>Source Files\OpenGL\VertexArray</Filter>
    </ClCompile>
    <ClCompile Include="VertexBuffer.cpp">
      <Filter>Source Files\OpenGL\VertexBuffer</Filter>
    </ClCompile>
    <ClCompile Include="IndexBuffer.cpp">
      <Filter>Source Files\OpenGL\IndexBuffer</Filter>
    </ClCompile>
    <ClCompile Include="Mesh.cpp">
      <Filter>Source Files\Mesh</Filter>
    </ClCompile>
    <ClCompile Include="Renderer.cpp">
      <Filter>Source Files\OpenGL\Renderer</Filter>
    </ClCompile>
    <ClCompile Include="Model.cpp">
      <Filter>Source Files\Model</Filter>
    </ClCompile>
    <ClCompile Include="MaterialLibrary.cpp">
      <Filter>Source Files\Material</Filter>
    </ClCompile>
    <ClCompile Include="Material.cpp">
      <Filter>Source Files\Material</Filter>
    </ClCompile>
    <ClCompile Include="TextureLibrary.cpp">
      <Filter>Source Files\Texture</Filter>
    </ClCompile>
    <ClCompile Include="Cube.cpp">
      <Filter>Source Files\Mesh\Primitives</Filter>
    </ClCompile>
    <ClCompile Include="Sphere.cpp">
      <Filter>Source Files\Mesh\Primitives</Filter>
    </ClCompile>
    <ClCompile Include="Plane.cpp">
      <Filter>Source Files\Mesh\Primitives</Filter>
    </ClCompile>
    <ClCompile Include="Background.cpp">
      <Filter>Source Files\Background</Filter>
    </ClCompile>
    <ClCompile Include="BlenderCam.cpp">
      <Filter>Source Files\Camera</Filter>
    </ClCompile>
  </ItemGroup>
  <ItemGroup>
    <None Include="res\shaders\pbr_RM.shader">
      <Filter>Source Files\Shaders</Filter>
    </None>
    <None Include="res\shaders\pbr_GM.shader">
      <Filter>Source Files\Shaders</Filter>
    </None>
    <None Include="res\shaders\eq_to_cube.shader">
      <Filter>Source Files\Shaders</Filter>
    </None>
    <None Include="res\shaders\sky_box.shader">
      <Filter>Source Files\Shaders</Filter>
    </None>
    <None Include="res\shaders\irr_convl.shader">
      <Filter>Source Files\Shaders</Filter>
    </None>
    <None Include="res\shaders\prefilter.shader">
      <Filter>Source Files\Shaders</Filter>
    </None>
    <None Include="res\shaders\brdf.shader">
      <Filter>Source Files\Shaders</Filter>
    </None>
    <None Include="res\shaders\pbr_RM_basic.shader">
      <Filter>Source Files\Shaders</Filter>
    </None>
  </ItemGroup>
  <ItemGroup>
    <ClInclude Include="VertexArray.h">
      <Filter>Source Files\OpenGL\VertexArray</Filter>
    </ClInclude>
    <ClInclude Include="VertexBuffer.h">
      <Filter>Source Files\OpenGL\VertexBuffer</Filter>
    </ClInclude>
    <ClInclude Include="IndexBuffer.h">
      <Filter>Source Files\OpenGL\IndexBuffer</Filter>
    </ClInclude>
    <ClInclude Include="Mesh.h">
      <Filter>Source Files\Mesh</Filter>
    </ClInclude>
    <ClInclude Include="Renderer.h">
      <Filter>Source Files\OpenGL\Renderer</Filter>
    </ClInclude>
    <ClInclude Include="Util.h">
      <Filter>Source Files\Util</Filter>
    </ClInclude>
    <ClInclude Include="Libs\json.hpp">
      <Filter>Header Files</Filter>
    </ClInclude>
    <ClInclude Include="Model.h">
      <Filter>Source Files\Model</Filter>
    </ClInclude>
    <ClInclude Include="MaterialLibrary.h">
      <Filter>Source Files\Material</Filter>
    </ClInclude>
    <ClInclude Include="Material.h">
      <Filter>Source Files\Material</Filter>
    </ClInclude>
    <ClInclude Include="TextureLibrary.h">
      <Filter>Source Files\Texture</Filter>
    </ClInclude>
    <ClInclude Include="Cube.h">
      <Filter>Source Files\Mesh\Primitives</Filter>
    </ClInclude>
    <ClInclude Include="Sphere.h">
      <Filter>Source Files\Mesh\Primitives</Filter>
    </ClInclude>
    <ClInclude Include="Plane.h">
      <Filter>Source Files\Mesh\Primitives</Filter>
    </ClInclude>
    <ClInclude Include="Background.h">
      <Filter>Source Files\Background</Filter>
    </ClInclude>
    <ClInclude Include="Libs\stb_image.hpp">
      <Filter>Header Files</Filter>
    </ClInclude>
    <ClInclude Include="BlenderCam.h">
      <Filter>Source Files\Camera</Filter>
    </ClInclude>
    <ClInclude Include="Buffer.h">
      <Filter>Source Files\OpenGL\Buffer</Filter>
    </ClInclude>
    <ClInclude Include="BufferLayout.h">
      <Filter>Source Files\OpenGL\VertexBuffer</Filter>
    </ClInclude>
  </ItemGroup>
</Project>